
Microsoft Visual Studio Solution File, Format Version 12.00
# Visual Studio Version 17
VisualStudioVersion = 17.6.33815.320
MinimumVisualStudioVersion = 10.0.40219.1
Project("{9A19103F-16F7-4668-BE54-9A1E7A4F7556}") = "Udemy-project-2", "Udemy-project-2\Udemy-project-2.csproj", "{10CB8C45-C1BC-41EB-AF95-B398C9252D3D}"
EndProject
Project("{9A19103F-16F7-4668-BE54-9A1E7A4F7556}") = "razorProject", "razorProject\razorProject.csproj", "{C0FC611B-185B-450C-9784-C75436FB2EFD}"
EndProject
Project("{9A19103F-16F7-4668-BE54-9A1E7A4F7556}") = "DataAccess", "DataAccess\DataAccess.csproj", "{FD894721-A4FB-496D-8321-E59705297F72}"
EndProject
Project("{9A19103F-16F7-4668-BE54-9A1E7A4F7556}") = "Models", "Models\Models.csproj", "{49C0B8DA-452C-4698-BD83-37CCCBA65E04}"
EndProject
Project("{9A19103F-16F7-4668-BE54-9A1E7A4F7556}") = "utility", "utility\utility.csproj", "{5B606D02-242A-4E9B-BF52-2EBBA2509EE9}"
EndProject
Global
	GlobalSection(SolutionConfigurationPlatforms) = preSolution
		Debug|Any CPU = Debug|Any CPU
		Release|Any CPU = Release|Any CPU
	EndGlobalSection
	GlobalSection(ProjectConfigurationPlatforms) = postSolution
		{10CB8C45-C1BC-41EB-AF95-B398C9252D3D}.Debug|Any CPU.ActiveCfg = Debug|Any CPU
		{10CB8C45-C1BC-41EB-AF95-B398C9252D3D}.Debug|Any CPU.Build.0 = Debug|Any CPU
		{10CB8C45-C1BC-41EB-AF95-B398C9252D3D}.Release|Any CPU.ActiveCfg = Release|Any CPU
		{10CB8C45-C1BC-41EB-AF95-B398C9252D3D}.Release|Any CPU.Build.0 = Release|Any CPU
		{C0FC611B-185B-450C-9784-C75436FB2EFD}.Debug|Any CPU.ActiveCfg = Debug|Any CPU
		{C0FC611B-185B-450C-9784-C75436FB2EFD}.Debug|Any CPU.Build.0 = Debug|Any CPU
		{C0FC611B-185B-450C-9784-C75436FB2EFD}.Release|Any CPU.ActiveCfg = Release|Any CPU
		{C0FC611B-185B-450C-9784-C75436FB2EFD}.Release|Any CPU.Build.0 = Release|Any CPU
		{FD894721-A4FB-496D-8321-E59705297F72}.Debug|Any CPU.ActiveCfg = Debug|Any CPU
		{FD894721-A4FB-496D-8321-E59705297F72}.Debug|Any CPU.Build.0 = Debug|Any CPU
		{FD894721-A4FB-496D-8321-E59705297F72}.Release|Any CPU.ActiveCfg = Release|Any CPU
		{FD894721-A4FB-496D-8321-E59705297F72}.Release|Any CPU.Build.0 = Release|Any CPU
		{49C0B8DA-452C-4698-BD83-37CCCBA65E04}.Debug|Any CPU.ActiveCfg = Debug|Any CPU
		{49C0B8DA-452C-4698-BD83-37CCCBA65E04}.Debug|Any CPU.Build.0 = Debug|Any CPU
		{49C0B8DA-452C-4698-BD83-37CCCBA65E04}.Release|Any CPU.ActiveCfg = Release|Any CPU
		{49C0B8DA-452C-4698-BD83-37CCCBA65E04}.Release|Any CPU.Build.0 = Release|Any CPU
		{5B606D02-242A-4E9B-BF52-2EBBA2509EE9}.Debug|Any CPU.ActiveCfg = Debug|Any CPU
		{5B606D02-242A-4E9B-BF52-2EBBA2509EE9}.Debug|Any CPU.Build.0 = Debug|Any CPU
		{5B606D02-242A-4E9B-BF52-2EBBA2509EE9}.Release|Any CPU.ActiveCfg = Release|Any CPU
		{5B606D02-242A-4E9B-BF52-2EBBA2509EE9}.Release|Any CPU.Build.0 = Release|Any CPU
	EndGlobalSection
	GlobalSection(SolutionProperties) = preSolution
		HideSolutionNode = FALSE
	EndGlobalSection
	GlobalSection(ExtensibilityGlobals) = postSolution
		SolutionGuid = {71558A79-B915-4248-BE67-CDC0D5EE6BBD}
	EndGlobalSection
EndGlobal
